
Microsoft Visual Studio Solution File, Format Version 12.00
# Visual Studio Version 17
VisualStudioVersion = 17.5.33502.453
MinimumVisualStudioVersion = 10.0.40219.1
Project("{8BC9CEB8-8B4A-11D0-8D11-00A0C91BC942}") = "Assingment3", "Assingment3.vcxproj", "{47792D32-BFD2-4AEE-BEFD-D243DCF51E40}"
EndProject
Global
	GlobalSection(SolutionConfigurationPlatforms) = preSolution
		Debug|x64 = Debug|x64
		Debug|x86 = Debug|x86
		Release|x64 = Release|x64
		Release|x86 = Release|x86
	EndGlobalSection
	GlobalSection(ProjectConfigurationPlatforms) = postSolution
		{47792D32-BFD2-4AEE-BEFD-D243DCF51E40}.Debug|x64.ActiveCfg = Debug|x64
		{47792D32-BFD2-4AEE-BEFD-D243DCF51E40}.Debug|x64.Build.0 = Debug|x64
		{47792D32-BFD2-4AEE-BEFD-D243DCF51E40}.Debug|x86.ActiveCfg = Debug|Win32
		{47792D32-BFD2-4AEE-BEFD-D243DCF51E40}.Debug|x86.Build.0 = Debug|Win32
		{47792D32-BFD2-4AEE-BEFD-D243DCF51E40}.Release|x64.ActiveCfg = Release|x64
		{47792D32-BFD2-4AEE-BEFD-D243DCF51E40}.Release|x64.Build.0 = Release|x64
		{47792D32-BFD2-4AEE-BEFD-D243DCF51E40}.Release|x86.ActiveCfg = Release|Win32
		{47792D32-BFD2-4AEE-BEFD-D243DCF51E40}.Release|x86.Build.0 = Release|Win32
	EndGlobalSection
	GlobalSection(SolutionProperties) = preSolution
		HideSolutionNode = FALSE
	EndGlobalSection
	GlobalSection(ExtensibilityGlobals) = postSolution
		SolutionGuid = {8F357FCC-076E-4FA8-B5AE-4ABBB118E0A7}
	EndGlobalSection
EndGlobal
